// !$*UTF8*$!
{
	archiveVersion = 1;
	classes = {
	};
	objectVersion = 56;
	objects = {

/* Begin PBXBuildFile section */
		3A37DA732A55555500CB3149 /* workflowsApp.swift in Sources */ = {isa = PBXBuildFile; fileRef = 3A37DA722A55555500CB3149 /* workflowsApp.swift */; };
		3A37DA752A55555500CB3149 /* ContentView.swift in Sources */ = {isa = PBXBuildFile; fileRef = 3A37DA742A55555500CB3149 /* ContentView.swift */; };
		3A37DA772A55555600CB3149 /* Assets.xcassets in Resources */ = {isa = PBXBuildFile; fileRef = 3A37DA762A55555600CB3149 /* Assets.xcassets */; };
		3A37DA7A2A55555600CB3149 /* Preview Assets.xcassets in Resources */ = {isa = PBXBuildFile; fileRef = 3A37DA792A55555600CB3149 /* Preview Assets.xcassets */; };
		3A37DA842A55555600CB3149 /* workflowsTests.swift in Sources */ = {isa = PBXBuildFile; fileRef = 3A37DA832A55555600CB3149 /* workflowsTests.swift */; };
		3A37DA8E2A55555600CB3149 /* workflowsUITests.swift in Sources */ = {isa = PBXBuildFile; fileRef = 3A37DA8D2A55555600CB3149 /* workflowsUITests.swift */; };
		3A37DA902A55555600CB3149 /* workflowsUITestsLaunchTests.swift in Sources */ = {isa = PBXBuildFile; fileRef = 3A37DA8F2A55555600CB3149 /* workflowsUITestsLaunchTests.swift */; };
/* End PBXBuildFile section */

/* Begin PBXContainerItemProxy section */
		3A37DA802A55555600CB3149 /* PBXContainerItemProxy */ = {
			isa = PBXContainerItemProxy;
			containerPortal = 3A37DA672A55555500CB3149 /* Project object */;
			proxyType = 1;
			remoteGlobalIDString = 3A37DA6E2A55555500CB3149;
			remoteInfo = workflows;
		};
		3A37DA8A2A55555600CB3149 /* PBXContainerItemProxy */ = {
			isa = PBXContainerItemProxy;
			containerPortal = 3A37DA672A55555500CB3149 /* Project object */;
			proxyType = 1;
			remoteGlobalIDString = 3A37DA6E2A55555500CB3149;
			remoteInfo = workflows;
		};
/* End PBXContainerItemProxy section */

/* Begin PBXFileReference section */
		3A37DA6F2A55555500CB3149 /* workflows.app */ = {isa = PBXFileReference; explicitFileType = wrapper.application; includeInIndex = 0; path = workflows.app; sourceTree = BUILT_PRODUCTS_DIR; };
		3A37DA722A55555500CB3149 /* workflowsApp.swift */ = {isa = PBXFileReference; lastKnownFileType = sourcecode.swift; path = workflowsApp.swift; sourceTree = "<group>"; };
		3A37DA742A55555500CB3149 /* ContentView.swift */ = {isa = PBXFileReference; lastKnownFileType = sourcecode.swift; path = ContentView.swift; sourceTree = "<group>"; };
		3A37DA762A55555600CB3149 /* Assets.xcassets */ = {isa = PBXFileReference; lastKnownFileType = folder.assetcatalog; path = Assets.xcassets; sourceTree = "<group>"; };
		3A37DA792A55555600CB3149 /* Preview Assets.xcassets */ = {isa = PBXFileReference; lastKnownFileType = folder.assetcatalog; path = "Preview Assets.xcassets"; sourceTree = "<group>"; };
		3A37DA7F2A55555600CB3149 /* workflowsTests.xctest */ = {isa = PBXFileReference; explicitFileType = wrapper.cfbundle; includeInIndex = 0; path = workflowsTests.xctest; sourceTree = BUILT_PRODUCTS_DIR; };
		3A37DA832A55555600CB3149 /* workflowsTests.swift */ = {isa = PBXFileReference; lastKnownFileType = sourcecode.swift; path = workflowsTests.swift; sourceTree = "<group>"; };
		3A37DA892A55555600CB3149 /* workflowsUITests.xctest */ = {isa = PBXFileReference; explicitFileType = wrapper.cfbundle; includeInIndex = 0; path = workflowsUITests.xctest; sourceTree = BUILT_PRODUCTS_DIR; };
		3A37DA8D2A55555600CB3149 /* workflowsUITests.swift */ = {isa = PBXFileReference; lastKnownFileType = sourcecode.swift; path = workflowsUITests.swift; sourceTree = "<group>"; };
		3A37DA8F2A55555600CB3149 /* workflowsUITestsLaunchTests.swift */ = {isa = PBXFileReference; lastKnownFileType = sourcecode.swift; path = workflowsUITestsLaunchTests.swift; sourceTree = "<group>"; };
/* End PBXFileReference section */

/* Begin PBXFrameworksBuildPhase section */
		3A37DA6C2A55555500CB3149 /* Frameworks */ = {
			isa = PBXFrameworksBuildPhase;
			buildActionMask = 2147483647;
			files = (
			);
			runOnlyForDeploymentPostprocessing = 0;
		};
		3A37DA7C2A55555600CB3149 /* Frameworks */ = {
			isa = PBXFrameworksBuildPhase;
			buildActionMask = 2147483647;
			files = (
			);
			runOnlyForDeploymentPostprocessing = 0;
		};
		3A37DA862A55555600CB3149 /* Frameworks */ = {
			isa = PBXFrameworksBuildPhase;
			buildActionMask = 2147483647;
			files = (
			);
			runOnlyForDeploymentPostprocessing = 0;
		};
/* End PBXFrameworksBuildPhase section */

/* Begin PBXGroup section */
		3A37DA662A55555500CB3149 = {
			isa = PBXGroup;
			children = (
				3A37DA712A55555500CB3149 /* workflows */,
				3A37DA822A55555600CB3149 /* workflowsTests */,
				3A37DA8C2A55555600CB3149 /* workflowsUITests */,
				3A37DA702A55555500CB3149 /* Products */,
			);
			sourceTree = "<group>";
		};
		3A37DA702A55555500CB3149 /* Products */ = {
			isa = PBXGroup;
			children = (
				3A37DA6F2A55555500CB3149 /* workflows.app */,
				3A37DA7F2A55555600CB3149 /* workflowsTests.xctest */,
				3A37DA892A55555600CB3149 /* workflowsUITests.xctest */,
			);
			name = Products;
			sourceTree = "<group>";
		};
		3A37DA712A55555500CB3149 /* workflows */ = {
			isa = PBXGroup;
			children = (
				3A37DA722A55555500CB3149 /* workflowsApp.swift */,
				3A37DA742A55555500CB3149 /* ContentView.swift */,
				3A37DA762A55555600CB3149 /* Assets.xcassets */,
				3A37DA782A55555600CB3149 /* Preview Content */,
			);
			path = workflows;
			sourceTree = "<group>";
		};
		3A37DA782A55555600CB3149 /* Preview Content */ = {
			isa = PBXGroup;
			children = (
				3A37DA792A55555600CB3149 /* Preview Assets.xcassets */,
			);
			path = "Preview Content";
			sourceTree = "<group>";
		};
		3A37DA822A55555600CB3149 /* workflowsTests */ = {
			isa = PBXGroup;
			children = (
				3A37DA832A55555600CB3149 /* workflowsTests.swift */,
			);
			path = workflowsTests;
			sourceTree = "<group>";
		};
		3A37DA8C2A55555600CB3149 /* workflowsUITests */ = {
			isa = PBXGroup;
			children = (
				3A37DA8D2A55555600CB3149 /* workflowsUITests.swift */,
				3A37DA8F2A55555600CB3149 /* workflowsUITestsLaunchTests.swift */,
			);
			path = workflowsUITests;
			sourceTree = "<group>";
		};
/* End PBXGroup section */

/* Begin PBXNativeTarget section */
		3A37DA6E2A55555500CB3149 /* workflows */ = {
			isa = PBXNativeTarget;
			buildConfigurationList = 3A37DA932A55555600CB3149 /* Build configuration list for PBXNativeTarget "workflows" */;
			buildPhases = (
				3A37DA6B2A55555500CB3149 /* Sources */,
				3A37DA6C2A55555500CB3149 /* Frameworks */,
				3A37DA6D2A55555500CB3149 /* Resources */,
			);
			buildRules = (
			);
			dependencies = (
			);
			name = workflows;
			productName = workflows;
			productReference = 3A37DA6F2A55555500CB3149 /* workflows.app */;
			productType = "com.apple.product-type.application";
		};
		3A37DA7E2A55555600CB3149 /* workflowsTests */ = {
			isa = PBXNativeTarget;
			buildConfigurationList = 3A37DA962A55555600CB3149 /* Build configuration list for PBXNativeTarget "workflowsTests" */;
			buildPhases = (
				3A37DA7B2A55555600CB3149 /* Sources */,
				3A37DA7C2A55555600CB3149 /* Frameworks */,
				3A37DA7D2A55555600CB3149 /* Resources */,
			);
			buildRules = (
			);
			dependencies = (
				3A37DA812A55555600CB3149 /* PBXTargetDependency */,
			);
			name = workflowsTests;
			productName = workflowsTests;
			productReference = 3A37DA7F2A55555600CB3149 /* workflowsTests.xctest */;
			productType = "com.apple.product-type.bundle.unit-test";
		};
		3A37DA882A55555600CB3149 /* workflowsUITests */ = {
			isa = PBXNativeTarget;
			buildConfigurationList = 3A37DA992A55555600CB3149 /* Build configuration list for PBXNativeTarget "workflowsUITests" */;
			buildPhases = (
				3A37DA852A55555600CB3149 /* Sources */,
				3A37DA862A55555600CB3149 /* Frameworks */,
				3A37DA872A55555600CB3149 /* Resources */,
			);
			buildRules = (
			);
			dependencies = (
				3A37DA8B2A55555600CB3149 /* PBXTargetDependency */,
			);
			name = workflowsUITests;
			productName = workflowsUITests;
			productReference = 3A37DA892A55555600CB3149 /* workflowsUITests.xctest */;
			productType = "com.apple.product-type.bundle.ui-testing";
		};
/* End PBXNativeTarget section */

/* Begin PBXProject section */
		3A37DA672A55555500CB3149 /* Project object */ = {
			isa = PBXProject;
			attributes = {
				BuildIndependentTargetsInParallel = 1;
				LastSwiftUpdateCheck = 1420;
				LastUpgradeCheck = 1420;
				TargetAttributes = {
					3A37DA6E2A55555500CB3149 = {
						CreatedOnToolsVersion = 14.2;
					};
					3A37DA7E2A55555600CB3149 = {
						CreatedOnToolsVersion = 14.2;
						TestTargetID = 3A37DA6E2A55555500CB3149;
					};
					3A37DA882A55555600CB3149 = {
						CreatedOnToolsVersion = 14.2;
						TestTargetID = 3A37DA6E2A55555500CB3149;
					};
				};
			};
			buildConfigurationList = 3A37DA6A2A55555500CB3149 /* Build configuration list for PBXProject "workflows" */;
			compatibilityVersion = "Xcode 14.0";
			developmentRegion = en;
			hasScannedForEncodings = 0;
			knownRegions = (
				en,
				Base,
			);
			mainGroup = 3A37DA662A55555500CB3149;
			productRefGroup = 3A37DA702A55555500CB3149 /* Products */;
			projectDirPath = "";
			projectRoot = "";
			targets = (
				3A37DA6E2A55555500CB3149 /* workflows */,
				3A37DA7E2A55555600CB3149 /* workflowsTests */,
				3A37DA882A55555600CB3149 /* workflowsUITests */,
			);
		};
/* End PBXProject section */

/* Begin PBXResourcesBuildPhase section */
		3A37DA6D2A55555500CB3149 /* Resources */ = {
			isa = PBXResourcesBuildPhase;
			buildActionMask = 2147483647;
			files = (
				3A37DA7A2A55555600CB3149 /* Preview Assets.xcassets in Resources */,
				3A37DA772A55555600CB3149 /* Assets.xcassets in Resources */,
			);
			runOnlyForDeploymentPostprocessing = 0;
		};
		3A37DA7D2A55555600CB3149 /* Resources */ = {
			isa = PBXResourcesBuildPhase;
			buildActionMask = 2147483647;
			files = (
			);
			runOnlyForDeploymentPostprocessing = 0;
		};
		3A37DA872A55555600CB3149 /* Resources */ = {
			isa = PBXResourcesBuildPhase;
			buildActionMask = 2147483647;
			files = (
			);
			runOnlyForDeploymentPostprocessing = 0;
		};
/* End PBXResourcesBuildPhase section */

/* Begin PBXSourcesBuildPhase section */
		3A37DA6B2A55555500CB3149 /* Sources */ = {
			isa = PBXSourcesBuildPhase;
			buildActionMask = 2147483647;
			files = (
				3A37DA752A55555500CB3149 /* ContentView.swift in Sources */,
				3A37DA732A55555500CB3149 /* workflowsApp.swift in Sources */,
			);
			runOnlyForDeploymentPostprocessing = 0;
		};
		3A37DA7B2A55555600CB3149 /* Sources */ = {
			isa = PBXSourcesBuildPhase;
			buildActionMask = 2147483647;
			files = (
				3A37DA842A55555600CB3149 /* workflowsTests.swift in Sources */,
			);
			runOnlyForDeploymentPostprocessing = 0;
		};
		3A37DA852A55555600CB3149 /* Sources */ = {
			isa = PBXSourcesBuildPhase;
			buildActionMask = 2147483647;
			files = (
				3A37DA8E2A55555600CB3149 /* workflowsUITests.swift in Sources */,
				3A37DA902A55555600CB3149 /* workflowsUITestsLaunchTests.swift in Sources */,
			);
			runOnlyForDeploymentPostprocessing = 0;
		};
/* End PBXSourcesBuildPhase section */

/* Begin PBXTargetDependency section */
		3A37DA812A55555600CB3149 /* PBXTargetDependency */ = {
			isa = PBXTargetDependency;
			target = 3A37DA6E2A55555500CB3149 /* workflows */;
			targetProxy = 3A37DA802A55555600CB3149 /* PBXContainerItemProxy */;
		};
		3A37DA8B2A55555600CB3149 /* PBXTargetDependency */ = {
			isa = PBXTargetDependency;
			target = 3A37DA6E2A55555500CB3149 /* workflows */;
			targetProxy = 3A37DA8A2A55555600CB3149 /* PBXContainerItemProxy */;
		};
/* End PBXTargetDependency section */

/* Begin XCBuildConfiguration section */
		3A37DA912A55555600CB3149 /* Debug */ = {
			isa = XCBuildConfiguration;
			buildSettings = {
				ALWAYS_SEARCH_USER_PATHS = NO;
				CLANG_ANALYZER_NONNULL = YES;
				CLANG_ANALYZER_NUMBER_OBJECT_CONVERSION = YES_AGGRESSIVE;
				CLANG_CXX_LANGUAGE_STANDARD = "gnu++20";
				CLANG_ENABLE_MODULES = YES;
				CLANG_ENABLE_OBJC_ARC = YES;
				CLANG_ENABLE_OBJC_WEAK = YES;
				CLANG_WARN_BLOCK_CAPTURE_AUTORELEASING = YES;
				CLANG_WARN_BOOL_CONVERSION = YES;
				CLANG_WARN_COMMA = YES;
				CLANG_WARN_CONSTANT_CONVERSION = YES;
				CLANG_WARN_DEPRECATED_OBJC_IMPLEMENTATIONS = YES;
				CLANG_WARN_DIRECT_OBJC_ISA_USAGE = YES_ERROR;
				CLANG_WARN_DOCUMENTATION_COMMENTS = YES;
				CLANG_WARN_EMPTY_BODY = YES;
				CLANG_WARN_ENUM_CONVERSION = YES;
				CLANG_WARN_INFINITE_RECURSION = YES;
				CLANG_WARN_INT_CONVERSION = YES;
				CLANG_WARN_NON_LITERAL_NULL_CONVERSION = YES;
				CLANG_WARN_OBJC_IMPLICIT_RETAIN_SELF = YES;
				CLANG_WARN_OBJC_LITERAL_CONVERSION = YES;
				CLANG_WARN_OBJC_ROOT_CLASS = YES_ERROR;
				CLANG_WARN_QUOTED_INCLUDE_IN_FRAMEWORK_HEADER = YES;
				CLANG_WARN_RANGE_LOOP_ANALYSIS = YES;
				CLANG_WARN_STRICT_PROTOTYPES = YES;
				CLANG_WARN_SUSPICIOUS_MOVE = YES;
				CLANG_WARN_UNGUARDED_AVAILABILITY = YES_AGGRESSIVE;
				CLANG_WARN_UNREACHABLE_CODE = YES;
				CLANG_WARN__DUPLICATE_METHOD_MATCH = YES;
				COPY_PHASE_STRIP = NO;
				DEBUG_INFORMATION_FORMAT = dwarf;
				ENABLE_STRICT_OBJC_MSGSEND = YES;
				ENABLE_TESTABILITY = YES;
				GCC_C_LANGUAGE_STANDARD = gnu11;
				GCC_DYNAMIC_NO_PIC = NO;
				GCC_NO_COMMON_BLOCKS = YES;
				GCC_OPTIMIZATION_LEVEL = 0;
				GCC_PREPROCESSOR_DEFINITIONS = (
					"DEBUG=1",
					"$(inherited)",
				);
				GCC_WARN_64_TO_32_BIT_CONVERSION = YES;
				GCC_WARN_ABOUT_RETURN_TYPE = YES_ERROR;
				GCC_WARN_UNDECLARED_SELECTOR = YES;
				GCC_WARN_UNINITIALIZED_AUTOS = YES_AGGRESSIVE;
				GCC_WARN_UNUSED_FUNCTION = YES;
				GCC_WARN_UNUSED_VARIABLE = YES;
				IPHONEOS_DEPLOYMENT_TARGET = 16.2;
				MTL_ENABLE_DEBUG_INFO = INCLUDE_SOURCE;
				MTL_FAST_MATH = YES;
				ONLY_ACTIVE_ARCH = YES;
				SDKROOT = iphoneos;
				SWIFT_ACTIVE_COMPILATION_CONDITIONS = DEBUG;
				SWIFT_OPTIMIZATION_LEVEL = "-Onone";
			};
			name = Debug;
		};
		3A37DA922A55555600CB3149 /* Release */ = {
			isa = XCBuildConfiguration;
			buildSettings = {
				ALWAYS_SEARCH_USER_PATHS = NO;
				CLANG_ANALYZER_NONNULL = YES;
				CLANG_ANALYZER_NUMBER_OBJECT_CONVERSION = YES_AGGRESSIVE;
				CLANG_CXX_LANGUAGE_STANDARD = "gnu++20";
				CLANG_ENABLE_MODULES = YES;
				CLANG_ENABLE_OBJC_ARC = YES;
				CLANG_ENABLE_OBJC_WEAK = YES;
				CLANG_WARN_BLOCK_CAPTURE_AUTORELEASING = YES;
				CLANG_WARN_BOOL_CONVERSION = YES;
				CLANG_WARN_COMMA = YES;
				CLANG_WARN_CONSTANT_CONVERSION = YES;
				CLANG_WARN_DEPRECATED_OBJC_IMPLEMENTATIONS = YES;
				CLANG_WARN_DIRECT_OBJC_ISA_USAGE = YES_ERROR;
				CLANG_WARN_DOCUMENTATION_COMMENTS = YES;
				CLANG_WARN_EMPTY_BODY = YES;
				CLANG_WARN_ENUM_CONVERSION = YES;
				CLANG_WARN_INFINITE_RECURSION = YES;
				CLANG_WARN_INT_CONVERSION = YES;
				CLANG_WARN_NON_LITERAL_NULL_CONVERSION = YES;
				CLANG_WARN_OBJC_IMPLICIT_RETAIN_SELF = YES;
				CLANG_WARN_OBJC_LITERAL_CONVERSION = YES;
				CLANG_WARN_OBJC_ROOT_CLASS = YES_ERROR;
				CLANG_WARN_QUOTED_INCLUDE_IN_FRAMEWORK_HEADER = YES;
				CLANG_WARN_RANGE_LOOP_ANALYSIS = YES;
				CLANG_WARN_STRICT_PROTOTYPES = YES;
				CLANG_WARN_SUSPICIOUS_MOVE = YES;
				CLANG_WARN_UNGUARDED_AVAILABILITY = YES_AGGRESSIVE;
				CLANG_WARN_UNREACHABLE_CODE = YES;
				CLANG_WARN__DUPLICATE_METHOD_MATCH = YES;
				COPY_PHASE_STRIP = NO;
				DEBUG_INFORMATION_FORMAT = "dwarf-with-dsym";
				ENABLE_NS_ASSERTIONS = NO;
				ENABLE_STRICT_OBJC_MSGSEND = YES;
				GCC_C_LANGUAGE_STANDARD = gnu11;
				GCC_NO_COMMON_BLOCKS = YES;
				GCC_WARN_64_TO_32_BIT_CONVERSION = YES;
				GCC_WARN_ABOUT_RETURN_TYPE = YES_ERROR;
				GCC_WARN_UNDECLARED_SELECTOR = YES;
				GCC_WARN_UNINITIALIZED_AUTOS = YES_AGGRESSIVE;
				GCC_WARN_UNUSED_FUNCTION = YES;
				GCC_WARN_UNUSED_VARIABLE = YES;
				IPHONEOS_DEPLOYMENT_TARGET = 16.2;
				MTL_ENABLE_DEBUG_INFO = NO;
				MTL_FAST_MATH = YES;
				SDKROOT = iphoneos;
				SWIFT_COMPILATION_MODE = wholemodule;
				SWIFT_OPTIMIZATION_LEVEL = "-O";
				VALIDATE_PRODUCT = YES;
			};
			name = Release;
		};
		3A37DA942A55555600CB3149 /* Debug */ = {
			isa = XCBuildConfiguration;
			buildSettings = {
				ASSETCATALOG_COMPILER_APPICON_NAME = AppIcon;
				ASSETCATALOG_COMPILER_GLOBAL_ACCENT_COLOR_NAME = AccentColor;
				CODE_SIGN_STYLE = Automatic;
				CURRENT_PROJECT_VERSION = 1;
				DEVELOPMENT_ASSET_PATHS = "\"workflows/Preview Content\"";
				DEVELOPMENT_TEAM = KP75R3929K;
				ENABLE_PREVIEWS = YES;
				GENERATE_INFOPLIST_FILE = YES;
				INFOPLIST_KEY_UIApplicationSceneManifest_Generation = YES;
				INFOPLIST_KEY_UIApplicationSupportsIndirectInputEvents = YES;
				INFOPLIST_KEY_UILaunchScreen_Generation = YES;
				INFOPLIST_KEY_UISupportedInterfaceOrientations_iPad = "UIInterfaceOrientationPortrait UIInterfaceOrientationPortraitUpsideDown UIInterfaceOrientationLandscapeLeft UIInterfaceOrientationLandscapeRight";
				INFOPLIST_KEY_UISupportedInterfaceOrientations_iPhone = "UIInterfaceOrientationPortrait UIInterfaceOrientationLandscapeLeft UIInterfaceOrientationLandscapeRight";
				LD_RUNPATH_SEARCH_PATHS = (
					"$(inherited)",
					"@executable_path/Frameworks",
				);
				MARKETING_VERSION = 1.0;
				PRODUCT_BUNDLE_IDENTIFIER = com.test.workflows;
				PRODUCT_NAME = "$(TARGET_NAME)";
				SWIFT_EMIT_LOC_STRINGS = YES;
				SWIFT_VERSION = 5.0;
				TARGETED_DEVICE_FAMILY = "1,2";
			};
			name = Debug;
		};
		3A37DA952A55555600CB3149 /* Release */ = {
			isa = XCBuildConfiguration;
			buildSettings = {
				ASSETCATALOG_COMPILER_APPICON_NAME = AppIcon;
				ASSETCATALOG_COMPILER_GLOBAL_ACCENT_COLOR_NAME = AccentColor;
				CODE_SIGN_STYLE = Automatic;
				CURRENT_PROJECT_VERSION = 1;
				DEVELOPMENT_ASSET_PATHS = "\"workflows/Preview Content\"";
				DEVELOPMENT_TEAM = KP75R3929K;
				ENABLE_PREVIEWS = YES;
				GENERATE_INFOPLIST_FILE = YES;
				INFOPLIST_KEY_UIApplicationSceneManifest_Generation = YES;
				INFOPLIST_KEY_UIApplicationSupportsIndirectInputEvents = YES;
				INFOPLIST_KEY_UILaunchScreen_Generation = YES;
				INFOPLIST_KEY_UISupportedInterfaceOrientations_iPad = "UIInterfaceOrientationPortrait UIInterfaceOrientationPortraitUpsideDown UIInterfaceOrientationLandscapeLeft UIInterfaceOrientationLandscapeRight";
				INFOPLIST_KEY_UISupportedInterfaceOrientations_iPhone = "UIInterfaceOrientationPortrait UIInterfaceOrientationLandscapeLeft UIInterfaceOrientationLandscapeRight";
				LD_RUNPATH_SEARCH_PATHS = (
					"$(inherited)",
					"@executable_path/Frameworks",
				);
				MARKETING_VERSION = 1.0;
				PRODUCT_BUNDLE_IDENTIFIER = com.test.workflows;
				PRODUCT_NAME = "$(TARGET_NAME)";
				SWIFT_EMIT_LOC_STRINGS = YES;
				SWIFT_VERSION = 5.0;
				TARGETED_DEVICE_FAMILY = "1,2";
			};
			name = Release;
		};
		3A37DA972A55555600CB3149 /* Debug */ = {
			isa = XCBuildConfiguration;
			buildSettings = {
				ALWAYS_EMBED_SWIFT_STANDARD_LIBRARIES = YES;
				BUNDLE_LOADER = "$(TEST_HOST)";
				CODE_SIGN_STYLE = Automatic;
				CURRENT_PROJECT_VERSION = 1;
				DEVELOPMENT_TEAM = KP75R3929K;
				GENERATE_INFOPLIST_FILE = YES;
				IPHONEOS_DEPLOYMENT_TARGET = 16.2;
				MARKETING_VERSION = 1.0;
				PRODUCT_BUNDLE_IDENTIFIER = com.test.workflowsTests;
				PRODUCT_NAME = "$(TARGET_NAME)";
				SWIFT_EMIT_LOC_STRINGS = NO;
				SWIFT_VERSION = 5.0;
				TARGETED_DEVICE_FAMILY = "1,2";
				TEST_HOST = "$(BUILT_PRODUCTS_DIR)/workflows.app/$(BUNDLE_EXECUTABLE_FOLDER_PATH)/workflows";
			};
			name = Debug;
		};
		3A37DA982A55555600CB3149 /* Release */ = {
			isa = XCBuildConfiguration;
			buildSettings = {
				ALWAYS_EMBED_SWIFT_STANDARD_LIBRARIES = YES;
				BUNDLE_LOADER = "$(TEST_HOST)";
				CODE_SIGN_STYLE = Automatic;
				CURRENT_PROJECT_VERSION = 1;
				DEVELOPMENT_TEAM = KP75R3929K;
				GENERATE_INFOPLIST_FILE = YES;
				IPHONEOS_DEPLOYMENT_TARGET = 16.2;
				MARKETING_VERSION = 1.0;
				PRODUCT_BUNDLE_IDENTIFIER = com.test.workflowsTests;
				PRODUCT_NAME = "$(TARGET_NAME)";
				SWIFT_EMIT_LOC_STRINGS = NO;
				SWIFT_VERSION = 5.0;
				TARGETED_DEVICE_FAMILY = "1,2";
				TEST_HOST = "$(BUILT_PRODUCTS_DIR)/workflows.app/$(BUNDLE_EXECUTABLE_FOLDER_PATH)/workflows";
			};
			name = Release;
		};
		3A37DA9A2A55555600CB3149 /* Debug */ = {
			isa = XCBuildConfiguration;
			buildSettings = {
				ALWAYS_EMBED_SWIFT_STANDARD_LIBRARIES = YES;
				CODE_SIGN_STYLE = Automatic;
				CURRENT_PROJECT_VERSION = 1;
				DEVELOPMENT_TEAM = KP75R3929K;
				GENERATE_INFOPLIST_FILE = YES;
				MARKETING_VERSION = 1.0;
				PRODUCT_BUNDLE_IDENTIFIER = com.test.workflowsUITests;
				PRODUCT_NAME = "$(TARGET_NAME)";
				SWIFT_EMIT_LOC_STRINGS = NO;
				SWIFT_VERSION = 5.0;
				TARGETED_DEVICE_FAMILY = "1,2";
				TEST_TARGET_NAME = workflows;
			};
			name = Debug;
		};
		3A37DA9B2A55555600CB3149 /* Release */ = {
			isa = XCBuildConfiguration;
			buildSettings = {
				ALWAYS_EMBED_SWIFT_STANDARD_LIBRARIES = YES;
				CODE_SIGN_STYLE = Automatic;
				CURRENT_PROJECT_VERSION = 1;
				DEVELOPMENT_TEAM = KP75R3929K;
				GENERATE_INFOPLIST_FILE = YES;
				MARKETING_VERSION = 1.0;
				PRODUCT_BUNDLE_IDENTIFIER = com.test.workflowsUITests;
				PRODUCT_NAME = "$(TARGET_NAME)";
				SWIFT_EMIT_LOC_STRINGS = NO;
				SWIFT_VERSION = 5.0;
				TARGETED_DEVICE_FAMILY = "1,2";
				TEST_TARGET_NAME = workflows;
			};
			name = Release;
		};
/* End XCBuildConfiguration section */

/* Begin XCConfigurationList section */
		3A37DA6A2A55555500CB3149 /* Build configuration list for PBXProject "workflows" */ = {
			isa = XCConfigurationList;
			buildConfigurations = (
				3A37DA912A55555600CB3149 /* Debug */,
				3A37DA922A55555600CB3149 /* Release */,
			);
			defaultConfigurationIsVisible = 0;
			defaultConfigurationName = Release;
		};
		3A37DA932A55555600CB3149 /* Build configuration list for PBXNativeTarget "workflows" */ = {
			isa = XCConfigurationList;
			buildConfigurations = (
				3A37DA942A55555600CB3149 /* Debug */,
				3A37DA952A55555600CB3149 /* Release */,
			);
			defaultConfigurationIsVisible = 0;
			defaultConfigurationName = Release;
		};
		3A37DA962A55555600CB3149 /* Build configuration list for PBXNativeTarget "workflowsTests" */ = {
			isa = XCConfigurationList;
			buildConfigurations = (
				3A37DA972A55555600CB3149 /* Debug */,
				3A37DA982A55555600CB3149 /* Release */,
			);
			defaultConfigurationIsVisible = 0;
			defaultConfigurationName = Release;
		};
		3A37DA992A55555600CB3149 /* Build configuration list for PBXNativeTarget "workflowsUITests" */ = {
			isa = XCConfigurationList;
			buildConfigurations = (
				3A37DA9A2A55555600CB3149 /* Debug */,
				3A37DA9B2A55555600CB3149 /* Release */,
			);
			defaultConfigurationIsVisible = 0;
			defaultConfigurationName = Release;
		};
/* End XCConfigurationList section */
	};
	rootObject = 3A37DA672A55555500CB3149 /* Project object */;
}
